
Microsoft Visual Studio Solution File, Format Version 12.00
# Visual Studio Version 16
VisualStudioVersion = 16.0.30503.244
MinimumVisualStudioVersion = 10.0.40219.1
Project("{FAE04EC0-301F-11D3-BF4B-00C04F79EFBC}") = "pp2maplist", "pp2maplist\pp2maplist.csproj", "{8418714C-9D36-4E62-B684-E26022AE69CA}"
EndProject
Global
	GlobalSection(SolutionConfigurationPlatforms) = preSolution
		Debug|Any CPU = Debug|Any CPU
		Release|Any CPU = Release|Any CPU
	EndGlobalSection
	GlobalSection(ProjectConfigurationPlatforms) = postSolution
		{8418714C-9D36-4E62-B684-E26022AE69CA}.Debug|Any CPU.ActiveCfg = Debug|Any CPU
		{8418714C-9D36-4E62-B684-E26022AE69CA}.Debug|Any CPU.Build.0 = Debug|Any CPU
		{8418714C-9D36-4E62-B684-E26022AE69CA}.Release|Any CPU.ActiveCfg = Release|Any CPU
		{8418714C-9D36-4E62-B684-E26022AE69CA}.Release|Any CPU.Build.0 = Release|Any CPU
	EndGlobalSection
	GlobalSection(SolutionProperties) = preSolution
		HideSolutionNode = FALSE
	EndGlobalSection
	GlobalSection(ExtensibilityGlobals) = postSolution
		SolutionGuid = {3830E558-751C-4AD0-B880-DC52DDDAC02D}
	EndGlobalSection
EndGlobal
